{
  "name": "ReactASPCore",
  "lockfileVersion": 2,
  "requires": true,
  "packages": {
    "": {
      "dependencies": {
        "react-calendar": "^3.5.0",
        "react-calendar-timeline": "^0.27.0"
      }
    },
    "node_modules/@interactjs/types": {
      "version": "1.10.11",
      "resolved": "https://registry.npmjs.org/@interactjs/types/-/types-1.10.11.tgz",
      "integrity": "sha512-YRsVFWjL8Gkkvlx3qnjeaxW4fnibSJ9791g8BA7Pv5ANByI64WmtR1vU7A2rXcrOn8XvyCEfY0ss1s8NhZP+MA==",
      "peer": true
    },
    "node_modules/@wojtekmaj/date-utils": {
      "version": "1.0.3",
      "resolved": "https://registry.npmjs.org/@wojtekmaj/date-utils/-/date-utils-1.0.3.tgz",
      "integrity": "sha512-1VPkkTBk07gMR1fjpBtse4G+oJqpmE+0gUFB0dg3VIL7qJmUVaBoD/vlzMm/jNeOPfvlmerl1lpnsZyBUFIRuw==",
      "funding": {
        "url": "https://github.com/wojtekmaj/date-utils?sponsor=1"
      }
    },
    "node_modules/batch-processor": {
      "version": "1.0.0",
      "resolved": "https://registry.npmjs.org/batch-processor/-/batch-processor-1.0.0.tgz",
      "integrity": "sha1-dclcMrdI4IUNEMKxaPa9vpiRrOg="
    },
    "node_modules/classnames": {
      "version": "2.3.1",
      "resolved": "https://registry.npmjs.org/classnames/-/classnames-2.3.1.tgz",
      "integrity": "sha512-OlQdbZ7gLfGarSqxesMesDa5uz7KFbID8Kpq/SxIoNGDqY8lSYs0D+hhtBXhcdB3rcbXArFr7vlHheLk1voeNA=="
    },
    "node_modules/element-resize-detector": {
      "version": "1.2.4",
      "resolved": "https://registry.npmjs.org/element-resize-detector/-/element-resize-detector-1.2.4.tgz",
      "integrity": "sha512-Fl5Ftk6WwXE0wqCgNoseKWndjzZlDCwuPTcoVZfCP9R3EHQF8qUtr3YUPNETegRBOKqQKPW3n4kiIWngGi8tKg==",
      "dependencies": {
        "batch-processor": "1.0.0"
      }
    },
    "node_modules/get-user-locale": {
      "version": "1.4.0",
      "resolved": "https://registry.npmjs.org/get-user-locale/-/get-user-locale-1.4.0.tgz",
      "integrity": "sha512-gQo03lP1OArHLKlnoglqrGGl7b04u2EP9Xutmp72cMdtrrSD7ZgIsCsUKZynYWLDkVJW33Cj3pliP7uP0UonHQ==",
      "dependencies": {
        "lodash.once": "^4.1.1"
      }
    },
    "node_modules/gud": {
      "version": "1.0.0",
      "resolved": "https://registry.npmjs.org/gud/-/gud-1.0.0.tgz",
      "integrity": "sha512-zGEOVKFM5sVPPrYs7J5/hYEw2Pof8KCyOwyhG8sAF26mCAeUFAcYPu1mwB7hhpIP29zOIBaDqwuHdLp0jvZXjw=="
    },
    "node_modules/interactjs": {
      "version": "1.10.11",
      "resolved": "https://registry.npmjs.org/interactjs/-/interactjs-1.10.11.tgz",
      "integrity": "sha512-VPUWsGAOPmrZe1YF7Fq/4AIBBZ+3FikZRS8bpzT6VsAfUuhxl/CKJY73IAiZHd3fz9p174CXErn0Qs81XEFICA==",
      "peer": true,
      "dependencies": {
        "@interactjs/types": "1.10.11"
      }
    },
    "node_modules/js-tokens": {
      "version": "4.0.0",
      "resolved": "https://registry.npmjs.org/js-tokens/-/js-tokens-4.0.0.tgz",
      "integrity": "sha512-RdJUflcE3cUzKiMqQgsCu06FPu9UdIJO0beYbPhHN4k6apgJtifcoCtT9bcxOpYBtpD2kCM6Sbzg4CausW/PKQ=="
    },
    "node_modules/lodash.isequal": {
      "version": "4.5.0",
      "resolved": "https://registry.npmjs.org/lodash.isequal/-/lodash.isequal-4.5.0.tgz",
      "integrity": "sha1-QVxEePK8wwEgwizhDtMib30+GOA="
    },
    "node_modules/lodash.once": {
      "version": "4.1.1",
      "resolved": "https://registry.npmjs.org/lodash.once/-/lodash.once-4.1.1.tgz",
      "integrity": "sha1-DdOXEhPHxW34gJd9UEyI+0cal6w="
    },
    "node_modules/loose-envify": {
      "version": "1.4.0",
      "resolved": "https://registry.npmjs.org/loose-envify/-/loose-envify-1.4.0.tgz",
      "integrity": "sha512-lyuxPGr/Wfhrlem2CL/UcnUc1zcqKAImBDzukY7Y5F/yQiNdko6+fRLevlw1HgMySw7f611UIY408EtxRSoK3Q==",
      "dependencies": {
        "js-tokens": "^3.0.0 || ^4.0.0"
      },
      "bin": {
        "loose-envify": "cli.js"
      }
    },
    "node_modules/memoize-one": {
      "version": "5.2.1",
      "resolved": "https://registry.npmjs.org/memoize-one/-/memoize-one-5.2.1.tgz",
      "integrity": "sha512-zYiwtZUcYyXKo/np96AGZAckk+FWWsUdJ3cHGGmld7+AhvcWmQyGCYUh1hc4Q/pkOhb65dQR/pqCyK0cOaHz4Q=="
    },
    "node_modules/merge-class-names": {
      "version": "1.4.2",
      "resolved": "https://registry.npmjs.org/merge-class-names/-/merge-class-names-1.4.2.tgz",
      "integrity": "sha512-bOl98VzwCGi25Gcn3xKxnR5p/WrhWFQB59MS/aGENcmUc6iSm96yrFDF0XSNurX9qN4LbJm0R9kfvsQ17i8zCw==",
      "funding": {
        "url": "https://github.com/wojtekmaj/merge-class-names?sponsor=1"
      }
    },
    "node_modules/moment": {
      "version": "2.29.1",
      "resolved": "https://registry.npmjs.org/moment/-/moment-2.29.1.tgz",
      "integrity": "sha512-kHmoybcPV8Sqy59DwNDY3Jefr64lK/by/da0ViFcuA4DH0vQg5Q6Ze5VimxkfQNSC+Mls/Kx53s7TjP1RhFEDQ==",
      "peer": true,
      "engines": {
        "node": "*"
      }
    },
    "node_modules/object-assign": {
      "version": "4.1.1",
      "resolved": "https://registry.npmjs.org/object-assign/-/object-assign-4.1.1.tgz",
      "integrity": "sha1-IQmtx5ZYh8/AXLvUQsrIv7s2CGM=",
      "engines": {
        "node": ">=0.10.0"
      }
    },
    "node_modules/prop-types": {
      "version": "15.8.0",
      "resolved": "https://registry.npmjs.org/prop-types/-/prop-types-15.8.0.tgz",
      "integrity": "sha512-fDGekdaHh65eI3lMi5OnErU6a8Ighg2KjcjQxO7m8VHyWjcPyj5kiOgV1LQDOOOgVy3+5FgjXvdSSX7B8/5/4g==",
      "dependencies": {
        "loose-envify": "^1.4.0",
        "object-assign": "^4.1.1",
        "react-is": "^16.13.1"
      }
    },
    "node_modules/react": {
      "version": "17.0.2",
      "resolved": "https://registry.npmjs.org/react/-/react-17.0.2.tgz",
      "integrity": "sha512-gnhPt75i/dq/z3/6q/0asP78D0u592D5L1pd7M8P+dck6Fu/jJeL6iVVK23fptSUZj8Vjf++7wXA8UNclGQcbA==",
      "peer": true,
      "dependencies": {
        "loose-envify": "^1.1.0",
        "object-assign": "^4.1.1"
      },
      "engines": {
        "node": ">=0.10.0"
      }
    },
    "node_modules/react-calendar": {
      "version": "3.5.0",
      "resolved": "https://registry.npmjs.org/react-calendar/-/react-calendar-3.5.0.tgz",
      "integrity": "sha512-WrDOON59188ciC7jw5YrlM/EgLTWM9TD9dflRWjgd9rlMxPScX8dNG4tJGE+z8d4xaEVccJmHbiYGCGsYdXdxQ==",
      "dependencies": {
        "@wojtekmaj/date-utils": "^1.0.2",
        "get-user-locale": "^1.2.0",
        "merge-class-names": "^1.1.1",
        "prop-types": "^15.6.0"
      },
      "funding": {
        "url": "https://github.com/wojtekmaj/react-calendar?sponsor=1"
      },
      "peerDependencies": {
        "react": "^16.3.0 || ^17.0.0-0",
        "react-dom": "^16.3.0 || ^17.0.0-0"
      }
    },
    "node_modules/react-calendar-timeline": {
      "version": "0.27.0",
      "resolved": "https://registry.npmjs.org/react-calendar-timeline/-/react-calendar-timeline-0.27.0.tgz",
      "integrity": "sha512-LOC7yrLT5bkfZAhfUKDhDkxyYd14dMnb3jXJzkpOyciPJyUwYWhxCDhjxwddfXjcB317NJVpszcqpk7xJw0mQg==",
      "dependencies": {
        "classnames": "^2.2.6",
        "create-react-context": "^0.3.0",
        "element-resize-detector": "^1.1.12",
        "lodash.isequal": "^4.5.0",
        "memoize-one": "^5.1.1"
      },
      "peerDependencies": {
        "interactjs": "^1.3.4",
        "moment": "*",
        "prop-types": "^15.6.2",
        "react": ">=16.3",
        "react-dom": ">=16.3"
      }
    },
    "node_modules/react-calendar-timeline/node_modules/create-react-context": {
      "version": "0.3.0",
      "resolved": "https://registry.npmjs.org/create-react-context/-/create-react-context-0.3.0.tgz",
      "integrity": "sha512-dNldIoSuNSvlTJ7slIKC/ZFGKexBMBrrcc+TTe1NdmROnaASuLPvqpwj9v4XS4uXZ8+YPu0sNmShX2rXI5LNsw==",
      "dependencies": {
        "gud": "^1.0.0",
        "warning": "^4.0.3"
      },
      "peerDependencies": {
        "prop-types": "^15.0.0",
        "react": "^0.14.0 || ^15.0.0 || ^16.0.0"
      }
    },
    "node_modules/react-dom": {
      "version": "17.0.2",
      "resolved": "https://registry.npmjs.org/react-dom/-/react-dom-17.0.2.tgz",
      "integrity": "sha512-s4h96KtLDUQlsENhMn1ar8t2bEa+q/YAtj8pPPdIjPDGBDIVNsrD9aXNWqspUe6AzKCIG0C1HZZLqLV7qpOBGA==",
      "peer": true,
      "dependencies": {
        "loose-envify": "^1.1.0",
        "object-assign": "^4.1.1",
        "scheduler": "^0.20.2"
      },
      "peerDependencies": {
        "react": "17.0.2"
      }
    },
    "node_modules/react-is": {
      "version": "16.13.1",
      "resolved": "https://registry.npmjs.org/react-is/-/react-is-16.13.1.tgz",
      "integrity": "sha512-24e6ynE2H+OKt4kqsOvNd8kBpV65zoxbA4BVsEOB3ARVWQki/DHzaUoC5KuON/BiccDaCCTZBuOcfZs70kR8bQ=="
    },
    "node_modules/scheduler": {
      "version": "0.20.2",
      "resolved": "https://registry.npmjs.org/scheduler/-/scheduler-0.20.2.tgz",
      "integrity": "sha512-2eWfGgAqqWFGqtdMmcL5zCMK1U8KlXv8SQFGglL3CEtd0aDVDWgeF/YoCmvln55m5zSk3J/20hTaSBeSObsQDQ==",
      "peer": true,
      "dependencies": {
        "loose-envify": "^1.1.0",
        "object-assign": "^4.1.1"
      }
    },
    "node_modules/warning": {
      "version": "4.0.3",
      "resolved": "https://registry.npmjs.org/warning/-/warning-4.0.3.tgz",
      "integrity": "sha512-rpJyN222KWIvHJ/F53XSZv0Zl/accqHR8et1kpaMTD/fLCRxtV8iX8czMzY7sVZupTI3zcUTg8eycS2kNF9l6w==",
      "dependencies": {
        "loose-envify": "^1.0.0"
      }
    }
  },
  "dependencies": {
    "@interactjs/types": {
      "version": "1.10.11",
      "resolved": "https://registry.npmjs.org/@interactjs/types/-/types-1.10.11.tgz",
      "integrity": "sha512-YRsVFWjL8Gkkvlx3qnjeaxW4fnibSJ9791g8BA7Pv5ANByI64WmtR1vU7A2rXcrOn8XvyCEfY0ss1s8NhZP+MA==",
      "peer": true
    },
    "@wojtekmaj/date-utils": {
      "version": "1.0.3",
      "resolved": "https://registry.npmjs.org/@wojtekmaj/date-utils/-/date-utils-1.0.3.tgz",
      "integrity": "sha512-1VPkkTBk07gMR1fjpBtse4G+oJqpmE+0gUFB0dg3VIL7qJmUVaBoD/vlzMm/jNeOPfvlmerl1lpnsZyBUFIRuw=="
    },
    "batch-processor": {
      "version": "1.0.0",
      "resolved": "https://registry.npmjs.org/batch-processor/-/batch-processor-1.0.0.tgz",
      "integrity": "sha1-dclcMrdI4IUNEMKxaPa9vpiRrOg="
    },
    "classnames": {
      "version": "2.3.1",
      "resolved": "https://registry.npmjs.org/classnames/-/classnames-2.3.1.tgz",
      "integrity": "sha512-OlQdbZ7gLfGarSqxesMesDa5uz7KFbID8Kpq/SxIoNGDqY8lSYs0D+hhtBXhcdB3rcbXArFr7vlHheLk1voeNA=="
    },
    "element-resize-detector": {
      "version": "1.2.4",
      "resolved": "https://registry.npmjs.org/element-resize-detector/-/element-resize-detector-1.2.4.tgz",
      "integrity": "sha512-Fl5Ftk6WwXE0wqCgNoseKWndjzZlDCwuPTcoVZfCP9R3EHQF8qUtr3YUPNETegRBOKqQKPW3n4kiIWngGi8tKg==",
      "requires": {
        "batch-processor": "1.0.0"
      }
    },
    "get-user-locale": {
      "version": "1.4.0",
      "resolved": "https://registry.npmjs.org/get-user-locale/-/get-user-locale-1.4.0.tgz",
      "integrity": "sha512-gQo03lP1OArHLKlnoglqrGGl7b04u2EP9Xutmp72cMdtrrSD7ZgIsCsUKZynYWLDkVJW33Cj3pliP7uP0UonHQ==",
      "requires": {
        "lodash.once": "^4.1.1"
      }
    },
    "gud": {
      "version": "1.0.0",
      "resolved": "https://registry.npmjs.org/gud/-/gud-1.0.0.tgz",
      "integrity": "sha512-zGEOVKFM5sVPPrYs7J5/hYEw2Pof8KCyOwyhG8sAF26mCAeUFAcYPu1mwB7hhpIP29zOIBaDqwuHdLp0jvZXjw=="
    },
    "interactjs": {
      "version": "1.10.11",
      "resolved": "https://registry.npmjs.org/interactjs/-/interactjs-1.10.11.tgz",
      "integrity": "sha512-VPUWsGAOPmrZe1YF7Fq/4AIBBZ+3FikZRS8bpzT6VsAfUuhxl/CKJY73IAiZHd3fz9p174CXErn0Qs81XEFICA==",
      "peer": true,
      "requires": {
        "@interactjs/types": "1.10.11"
      }
    },
    "js-tokens": {
      "version": "4.0.0",
      "resolved": "https://registry.npmjs.org/js-tokens/-/js-tokens-4.0.0.tgz",
      "integrity": "sha512-RdJUflcE3cUzKiMqQgsCu06FPu9UdIJO0beYbPhHN4k6apgJtifcoCtT9bcxOpYBtpD2kCM6Sbzg4CausW/PKQ=="
    },
    "lodash.isequal": {
      "version": "4.5.0",
      "resolved": "https://registry.npmjs.org/lodash.isequal/-/lodash.isequal-4.5.0.tgz",
      "integrity": "sha1-QVxEePK8wwEgwizhDtMib30+GOA="
    },
    "lodash.once": {
      "version": "4.1.1",
      "resolved": "https://registry.npmjs.org/lodash.once/-/lodash.once-4.1.1.tgz",
      "integrity": "sha1-DdOXEhPHxW34gJd9UEyI+0cal6w="
    },
    "loose-envify": {
      "version": "1.4.0",
      "resolved": "https://registry.npmjs.org/loose-envify/-/loose-envify-1.4.0.tgz",
      "integrity": "sha512-lyuxPGr/Wfhrlem2CL/UcnUc1zcqKAImBDzukY7Y5F/yQiNdko6+fRLevlw1HgMySw7f611UIY408EtxRSoK3Q==",
      "requires": {
        "js-tokens": "^3.0.0 || ^4.0.0"
      }
    },
    "memoize-one": {
      "version": "5.2.1",
      "resolved": "https://registry.npmjs.org/memoize-one/-/memoize-one-5.2.1.tgz",
      "integrity": "sha512-zYiwtZUcYyXKo/np96AGZAckk+FWWsUdJ3cHGGmld7+AhvcWmQyGCYUh1hc4Q/pkOhb65dQR/pqCyK0cOaHz4Q=="
    },
    "merge-class-names": {
      "version": "1.4.2",
      "resolved": "https://registry.npmjs.org/merge-class-names/-/merge-class-names-1.4.2.tgz",
      "integrity": "sha512-bOl98VzwCGi25Gcn3xKxnR5p/WrhWFQB59MS/aGENcmUc6iSm96yrFDF0XSNurX9qN4LbJm0R9kfvsQ17i8zCw=="
    },
    "moment": {
      "version": "2.29.1",
      "resolved": "https://registry.npmjs.org/moment/-/moment-2.29.1.tgz",
      "integrity": "sha512-kHmoybcPV8Sqy59DwNDY3Jefr64lK/by/da0ViFcuA4DH0vQg5Q6Ze5VimxkfQNSC+Mls/Kx53s7TjP1RhFEDQ==",
      "peer": true
    },
    "object-assign": {
      "version": "4.1.1",
      "resolved": "https://registry.npmjs.org/object-assign/-/object-assign-4.1.1.tgz",
      "integrity": "sha1-IQmtx5ZYh8/AXLvUQsrIv7s2CGM="
    },
    "prop-types": {
      "version": "15.8.0",
      "resolved": "https://registry.npmjs.org/prop-types/-/prop-types-15.8.0.tgz",
      "integrity": "sha512-fDGekdaHh65eI3lMi5OnErU6a8Ighg2KjcjQxO7m8VHyWjcPyj5kiOgV1LQDOOOgVy3+5FgjXvdSSX7B8/5/4g==",
      "requires": {
        "loose-envify": "^1.4.0",
        "object-assign": "^4.1.1",
        "react-is": "^16.13.1"
      }
    },
    "react": {
      "version": "17.0.2",
      "resolved": "https://registry.npmjs.org/react/-/react-17.0.2.tgz",
      "integrity": "sha512-gnhPt75i/dq/z3/6q/0asP78D0u592D5L1pd7M8P+dck6Fu/jJeL6iVVK23fptSUZj8Vjf++7wXA8UNclGQcbA==",
      "peer": true,
      "requires": {
        "loose-envify": "^1.1.0",
        "object-assign": "^4.1.1"
      }
    },
    "react-calendar": {
      "version": "3.5.0",
      "resolved": "https://registry.npmjs.org/react-calendar/-/react-calendar-3.5.0.tgz",
      "integrity": "sha512-WrDOON59188ciC7jw5YrlM/EgLTWM9TD9dflRWjgd9rlMxPScX8dNG4tJGE+z8d4xaEVccJmHbiYGCGsYdXdxQ==",
      "requires": {
        "@wojtekmaj/date-utils": "^1.0.2",
        "get-user-locale": "^1.2.0",
        "merge-class-names": "^1.1.1",
        "prop-types": "^15.6.0"
      }
    },
    "react-calendar-timeline": {
      "version": "0.27.0",
      "resolved": "https://registry.npmjs.org/react-calendar-timeline/-/react-calendar-timeline-0.27.0.tgz",
      "integrity": "sha512-LOC7yrLT5bkfZAhfUKDhDkxyYd14dMnb3jXJzkpOyciPJyUwYWhxCDhjxwddfXjcB317NJVpszcqpk7xJw0mQg==",
      "requires": {
        "classnames": "^2.2.6",
        "create-react-context": "^0.3.0",
        "element-resize-detector": "^1.1.12",
        "lodash.isequal": "^4.5.0",
        "memoize-one": "^5.1.1"
      },
      "dependencies": {
        "create-react-context": {
          "version": "0.3.0",
          "resolved": "https://registry.npmjs.org/create-react-context/-/create-react-context-0.3.0.tgz",
          "integrity": "sha512-dNldIoSuNSvlTJ7slIKC/ZFGKexBMBrrcc+TTe1NdmROnaASuLPvqpwj9v4XS4uXZ8+YPu0sNmShX2rXI5LNsw==",
          "requires": {
            "gud": "^1.0.0",
            "warning": "^4.0.3"
          }
        }
      }
    },
    "react-dom": {
      "version": "17.0.2",
      "resolved": "https://registry.npmjs.org/react-dom/-/react-dom-17.0.2.tgz",
      "integrity": "sha512-s4h96KtLDUQlsENhMn1ar8t2bEa+q/YAtj8pPPdIjPDGBDIVNsrD9aXNWqspUe6AzKCIG0C1HZZLqLV7qpOBGA==",
      "peer": true,
      "requires": {
        "loose-envify": "^1.1.0",
        "object-assign": "^4.1.1",
        "scheduler": "^0.20.2"
      }
    },
    "react-is": {
      "version": "16.13.1",
      "resolved": "https://registry.npmjs.org/react-is/-/react-is-16.13.1.tgz",
      "integrity": "sha512-24e6ynE2H+OKt4kqsOvNd8kBpV65zoxbA4BVsEOB3ARVWQki/DHzaUoC5KuON/BiccDaCCTZBuOcfZs70kR8bQ=="
    },
    "scheduler": {
      "version": "0.20.2",
      "resolved": "https://registry.npmjs.org/scheduler/-/scheduler-0.20.2.tgz",
      "integrity": "sha512-2eWfGgAqqWFGqtdMmcL5zCMK1U8KlXv8SQFGglL3CEtd0aDVDWgeF/YoCmvln55m5zSk3J/20hTaSBeSObsQDQ==",
      "peer": true,
      "requires": {
        "loose-envify": "^1.1.0",
        "object-assign": "^4.1.1"
      }
    },
    "warning": {
      "version": "4.0.3",
      "resolved": "https://registry.npmjs.org/warning/-/warning-4.0.3.tgz",
      "integrity": "sha512-rpJyN222KWIvHJ/F53XSZv0Zl/accqHR8et1kpaMTD/fLCRxtV8iX8czMzY7sVZupTI3zcUTg8eycS2kNF9l6w==",
      "requires": {
        "loose-envify": "^1.0.0"
      }
    }
  }
}
