
Microsoft Visual Studio Solution File, Format Version 12.00
# Visual Studio Version 17
VisualStudioVersion = 17.0.31919.166
MinimumVisualStudioVersion = 10.0.40219.1
Project("{FAE04EC0-301F-11D3-BF4B-00C04F79EFBC}") = "ReactASPCore", "ReactASPCore.csproj", "{4200543C-8205-405D-841D-231DD54DD238}"
EndProject
Global
	GlobalSection(SolutionConfigurationPlatforms) = preSolution
		Debug|Any CPU = Debug|Any CPU
		Release|Any CPU = Release|Any CPU
	EndGlobalSection
	GlobalSection(ProjectConfigurationPlatforms) = postSolution
		{4200543C-8205-405D-841D-231DD54DD238}.Debug|Any CPU.ActiveCfg = Debug|Any CPU
		{4200543C-8205-405D-841D-231DD54DD238}.Debug|Any CPU.Build.0 = Debug|Any CPU
		{4200543C-8205-405D-841D-231DD54DD238}.Release|Any CPU.ActiveCfg = Release|Any CPU
		{4200543C-8205-405D-841D-231DD54DD238}.Release|Any CPU.Build.0 = Release|Any CPU
	EndGlobalSection
	GlobalSection(SolutionProperties) = preSolution
		HideSolutionNode = FALSE
	EndGlobalSection
	GlobalSection(ExtensibilityGlobals) = postSolution
		SolutionGuid = {FC3191D7-5F43-4590-9361-CD82B1D6B523}
	EndGlobalSection
EndGlobal
